
Microsoft Visual Studio Solution File, Format Version 12.00
# Visual Studio 15
VisualStudioVersion = 15.0.27004.2009
MinimumVisualStudioVersion = 10.0.40219.1
Project("{FAE04EC0-301F-11D3-BF4B-00C04F79EFBC}") = "AuthenticatedAuthorize", "AuthenticatedAuthorize\AuthenticatedAuthorize.csproj", "{4D824D7F-3492-4CC0-AEC7-1BE4D46C8A56}"
EndProject
Global
	GlobalSection(SolutionConfigurationPlatforms) = preSolution
		Debug|Any CPU = Debug|Any CPU
		Release|Any CPU = Release|Any CPU
	EndGlobalSection
	GlobalSection(ProjectConfigurationPlatforms) = postSolution
		{4D824D7F-3492-4CC0-AEC7-1BE4D46C8A56}.Debug|Any CPU.ActiveCfg = Debug|Any CPU
		{4D824D7F-3492-4CC0-AEC7-1BE4D46C8A56}.Debug|Any CPU.Build.0 = Debug|Any CPU
		{4D824D7F-3492-4CC0-AEC7-1BE4D46C8A56}.Release|Any CPU.ActiveCfg = Release|Any CPU
		{4D824D7F-3492-4CC0-AEC7-1BE4D46C8A56}.Release|Any CPU.Build.0 = Release|Any CPU
	EndGlobalSection
	GlobalSection(SolutionProperties) = preSolution
		HideSolutionNode = FALSE
	EndGlobalSection
	GlobalSection(ExtensibilityGlobals) = postSolution
		SolutionGuid = {FC26595E-B72C-4CB0-8E34-7E6DBB5AB9ED}
	EndGlobalSection
EndGlobal
